PODS:
  - BinartOCThreadSafeContainers (0.1.0)
  - Expecta (1.0.6)
  - Specta (1.0.7)

DEPENDENCIES:
  - BinartOCThreadSafeContainers (from `../`)
  - Expecta
  - Specta

SPEC REPOS:
  trunk:
    - Expecta
    - Specta

EXTERNAL SOURCES:
  BinartOCThreadSafeContainers:
    :path: "../"

SPEC CHECKSUMS:
  BinartOCThreadSafeContainers: 8834e189fd947acfaafdef4bbabecac236facf0a
  Expecta: 3b6bd90a64b9a1dcb0b70aa0e10a7f8f631667d5
  Specta: 3e1bd89c3517421982dc4d1c992503e48bd5fe66

PODFILE CHECKSUM: 9f4ba7dc8d488a1080e8033f2f5cd66e8f84d055

COCOAPODS: 1.8.4
